
Microsoft Visual Studio Solution File, Format Version 12.00
# Visual Studio Version 17
VisualStudioVersion = 17.3.32922.545
MinimumVisualStudioVersion = 10.0.40219.1
Project("{FAE04EC0-301F-11D3-BF4B-00C04F79EFBC}") = "Home_Work_6", "Home_Work_6.csproj", "{7A1A928B-5296-4E0A-BFDE-E362BCC99603}"
EndProject
Global
	GlobalSection(SolutionConfigurationPlatforms) = preSolution
		Debug|Any CPU = Debug|Any CPU
		Release|Any CPU = Release|Any CPU
	EndGlobalSection
	GlobalSection(ProjectConfigurationPlatforms) = postSolution
		{7A1A928B-5296-4E0A-BFDE-E362BCC99603}.Debug|Any CPU.ActiveCfg = Debug|Any CPU
		{7A1A928B-5296-4E0A-BFDE-E362BCC99603}.Debug|Any CPU.Build.0 = Debug|Any CPU
		{7A1A928B-5296-4E0A-BFDE-E362BCC99603}.Release|Any CPU.ActiveCfg = Release|Any CPU
		{7A1A928B-5296-4E0A-BFDE-E362BCC99603}.Release|Any CPU.Build.0 = Release|Any CPU
	EndGlobalSection
	GlobalSection(SolutionProperties) = preSolution
		HideSolutionNode = FALSE
	EndGlobalSection
	GlobalSection(ExtensibilityGlobals) = postSolution
		SolutionGuid = {8264B185-244D-4702-9A00-B50E6503ED95}
	EndGlobalSection
EndGlobal
